// !$*UTF8*$!
{
	archiveVersion = 1;
	classes = {
	};
	objectVersion = 46;
	objects = {

/* Begin PBXBuildFile section */
		1B26A07E1CCC487C0037DCFA /* AppDelegate.swift in Sources */ = {isa = PBXBuildFile; fileRef = 1B26A07D1CCC487C0037DCFA /* AppDelegate.swift */; };
		1B26A0851CCC487C0037DCFA /* Main.storyboard in Resources */ = {isa = PBXBuildFile; fileRef = 1B26A0831CCC487C0037DCFA /* Main.storyboard */; };
		1B26A0871CCC487C0037DCFA /* Assets.xcassets in Resources */ = {isa = PBXBuildFile; fileRef = 1B26A0861CCC487C0037DCFA /* Assets.xcassets */; };
		1B26A08A1CCC487C0037DCFA /* LaunchScreen.storyboard in Resources */ = {isa = PBXBuildFile; fileRef = 1B26A0881CCC487C0037DCFA /* LaunchScreen.storyboard */; };
		1B26A0B31CCEE9450037DCFA /* KakTableViewController.swift in Sources */ = {isa = PBXBuildFile; fileRef = 1B26A0B21CCEE9450037DCFA /* KakTableViewController.swift */; };
		1B26A0B71CD03E1C0037DCFA /* KakTableViewCell.swift in Sources */ = {isa = PBXBuildFile; fileRef = 1B26A0B61CD03E1C0037DCFA /* KakTableViewCell.swift */; };
		1B26A0DE1CD0A0340037DCFA /* Kak.swift in Sources */ = {isa = PBXBuildFile; fileRef = 1B26A0DD1CD0A0340037DCFA /* Kak.swift */; };
		1B26A0E21CD1886A0037DCFA /* kakCameraViewController.swift in Sources */ = {isa = PBXBuildFile; fileRef = 1B26A0E11CD1886A0037DCFA /* kakCameraViewController.swift */; };
		B918401C1CD1CBF700014BB9 /* Bolts.framework in Frameworks */ = {isa = PBXBuildFile; fileRef = B91840171CD1CBF700014BB9 /* Bolts.framework */; };
		B918401D1CD1CBF700014BB9 /* Parse.framework in Frameworks */ = {isa = PBXBuildFile; fileRef = B91840181CD1CBF700014BB9 /* Parse.framework */; };
		B91840201CD1CBF700014BB9 /* ParseUI.framework in Frameworks */ = {isa = PBXBuildFile; fileRef = B918401B1CD1CBF700014BB9 /* ParseUI.framework */; };
		B91840261CD1D47700014BB9 /* libsqlite3.0.tbd in Frameworks */ = {isa = PBXBuildFile; fileRef = B91840251CD1D47700014BB9 /* libsqlite3.0.tbd */; };
		B91840281CD1D48200014BB9 /* AudioToolbox.framework in Frameworks */ = {isa = PBXBuildFile; fileRef = B91840271CD1D48200014BB9 /* AudioToolbox.framework */; };
		B918402A1CD1D4FB00014BB9 /* CFNetwork.framework in Frameworks */ = {isa = PBXBuildFile; fileRef = B91840291CD1D4FB00014BB9 /* CFNetwork.framework */; };
		B918402E1CD1D53A00014BB9 /* QuartzCore.framework in Frameworks */ = {isa = PBXBuildFile; fileRef = B918402D1CD1D53A00014BB9 /* QuartzCore.framework */; };
		B91840301CD1D54200014BB9 /* Security.framework in Frameworks */ = {isa = PBXBuildFile; fileRef = B918402F1CD1D54200014BB9 /* Security.framework */; };
		B91840321CD1D54C00014BB9 /* SystemConfiguration.framework in Frameworks */ = {isa = PBXBuildFile; fileRef = B91840311CD1D54C00014BB9 /* SystemConfiguration.framework */; };
		B91840341CD1D55500014BB9 /* libz.tbd in Frameworks */ = {isa = PBXBuildFile; fileRef = B91840331CD1D55500014BB9 /* libz.tbd */; };
		B91840361CD1F18A00014BB9 /* PeregrindTabBarController.swift in Sources */ = {isa = PBXBuildFile; fileRef = B91840351CD1F18A00014BB9 /* PeregrindTabBarController.swift */; };
/* End PBXBuildFile section */

/* Begin PBXFileReference section */
		1B26A07A1CCC487B0037DCFA /* Netwerk.app */ = {isa = PBXFileReference; explicitFileType = wrapper.application; includeInIndex = 0; path = Netwerk.app; sourceTree = BUILT_PRODUCTS_DIR; };
		1B26A07D1CCC487C0037DCFA /* AppDelegate.swift */ = {isa = PBXFileReference; lastKnownFileType = sourcecode.swift; path = AppDelegate.swift; sourceTree = "<group>"; };
		1B26A0841CCC487C0037DCFA /* Base */ = {isa = PBXFileReference; lastKnownFileType = file.storyboard; name = Base; path = Base.lproj/Main.storyboard; sourceTree = "<group>"; };
		1B26A0861CCC487C0037DCFA /* Assets.xcassets */ = {isa = PBXFileReference; lastKnownFileType = folder.assetcatalog; path = Assets.xcassets; sourceTree = "<group>"; };
		1B26A0891CCC487C0037DCFA /* Base */ = {isa = PBXFileReference; lastKnownFileType = file.storyboard; name = Base; path = Base.lproj/LaunchScreen.storyboard; sourceTree = "<group>"; };
		1B26A08B1CCC487C0037DCFA /* Info.plist */ = {isa = PBXFileReference; lastKnownFileType = text.plist.xml; path = Info.plist; sourceTree = "<group>"; };
		1B26A0B21CCEE9450037DCFA /* KakTableViewController.swift */ = {isa = PBXFileReference; fileEncoding = 4; lastKnownFileType = sourcecode.swift; path = KakTableViewController.swift; sourceTree = "<group>"; };
		1B26A0B61CD03E1C0037DCFA /* KakTableViewCell.swift */ = {isa = PBXFileReference; fileEncoding = 4; lastKnownFileType = sourcecode.swift; path = KakTableViewCell.swift; sourceTree = "<group>"; };
		1B26A0DD1CD0A0340037DCFA /* Kak.swift */ = {isa = PBXFileReference; fileEncoding = 4; lastKnownFileType = sourcecode.swift; path = Kak.swift; sourceTree = "<group>"; };
		1B26A0E11CD1886A0037DCFA /* kakCameraViewController.swift */ = {isa = PBXFileReference; fileEncoding = 4; lastKnownFileType = sourcecode.swift; path = kakCameraViewController.swift; sourceTree = "<group>"; };
		B91840171CD1CBF700014BB9 /* Bolts.framework */ = {isa = PBXFileReference; lastKnownFileType = wrapper.framework; path = Bolts.framework; sourceTree = "<group>"; };
		B91840181CD1CBF700014BB9 /* Parse.framework */ = {isa = PBXFileReference; lastKnownFileType = wrapper.framework; path = Parse.framework; sourceTree = "<group>"; };
		B918401B1CD1CBF700014BB9 /* ParseUI.framework */ = {isa = PBXFileReference; lastKnownFileType = wrapper.framework; path = ParseUI.framework; sourceTree = "<group>"; };
		B91840221CD1CF4100014BB9 /* Netwerk-Bridging-Header.h */ = {isa = PBXFileReference; lastKnownFileType = sourcecode.c.h; path = "Netwerk-Bridging-Header.h"; sourceTree = "<group>"; };
		B91840251CD1D47700014BB9 /* libsqlite3.0.tbd */ = {isa = PBXFileReference; lastKnownFileType = "sourcecode.text-based-dylib-definition"; name = libsqlite3.0.tbd; path = usr/lib/libsqlite3.0.tbd; sourceTree = SDKROOT; };
		B91840271CD1D48200014BB9 /* AudioToolbox.framework */ = {isa = PBXFileReference; lastKnownFileType = wrapper.framework; name = AudioToolbox.framework; path = System/Library/Frameworks/AudioToolbox.framework; sourceTree = SDKROOT; };
		B91840291CD1D4FB00014BB9 /* CFNetwork.framework */ = {isa = PBXFileReference; lastKnownFileType = wrapper.framework; name = CFNetwork.framework; path = System/Library/Frameworks/CFNetwork.framework; sourceTree = SDKROOT; };
		B918402B1CD1D50D00014BB9 /* CoreLocation.framework */ = {isa = PBXFileReference; lastKnownFileType = wrapper.framework; name = CoreLocation.framework; path = System/Library/Frameworks/CoreLocation.framework; sourceTree = SDKROOT; };
		B918402D1CD1D53A00014BB9 /* QuartzCore.framework */ = {isa = PBXFileReference; lastKnownFileType = wrapper.framework; name = QuartzCore.framework; path = System/Library/Frameworks/QuartzCore.framework; sourceTree = SDKROOT; };
		B918402F1CD1D54200014BB9 /* Security.framework */ = {isa = PBXFileReference; lastKnownFileType = wrapper.framework; name = Security.framework; path = System/Library/Frameworks/Security.framework; sourceTree = SDKROOT; };
		B91840311CD1D54C00014BB9 /* SystemConfiguration.framework */ = {isa = PBXFileReference; lastKnownFileType = wrapper.framework; name = SystemConfiguration.framework; path = System/Library/Frameworks/SystemConfiguration.framework; sourceTree = SDKROOT; };
		B91840331CD1D55500014BB9 /* libz.tbd */ = {isa = PBXFileReference; lastKnownFileType = "sourcecode.text-based-dylib-definition"; name = libz.tbd; path = usr/lib/libz.tbd; sourceTree = SDKROOT; };
		B91840351CD1F18A00014BB9 /* PeregrindTabBarController.swift */ = {isa = PBXFileReference; fileEncoding = 4; lastKnownFileType = sourcecode.swift; path = PeregrindTabBarController.swift; sourceTree = "<group>"; };
/* End PBXFileReference section */

/* Begin PBXFrameworksBuildPhase section */
		1B26A0771CCC487B0037DCFA /* Frameworks */ = {
			isa = PBXFrameworksBuildPhase;
			buildActionMask = 2147483647;
			files = (
				B91840341CD1D55500014BB9 /* libz.tbd in Frameworks */,
				B91840321CD1D54C00014BB9 /* SystemConfiguration.framework in Frameworks */,
				B91840301CD1D54200014BB9 /* Security.framework in Frameworks */,
				B918402E1CD1D53A00014BB9 /* QuartzCore.framework in Frameworks */,
				B918402A1CD1D4FB00014BB9 /* CFNetwork.framework in Frameworks */,
				B91840281CD1D48200014BB9 /* AudioToolbox.framework in Frameworks */,
				B91840261CD1D47700014BB9 /* libsqlite3.0.tbd in Frameworks */,
				B918401D1CD1CBF700014BB9 /* Parse.framework in Frameworks */,
				B918401C1CD1CBF700014BB9 /* Bolts.framework in Frameworks */,
				B91840201CD1CBF700014BB9 /* ParseUI.framework in Frameworks */,
			);
			runOnlyForDeploymentPostprocessing = 0;
		};
/* End PBXFrameworksBuildPhase section */

/* Begin PBXGroup section */
		1B26A0711CCC487B0037DCFA = {
			isa = PBXGroup;
			children = (
				1B26A07C1CCC487C0037DCFA /* Netwerk */,
				1B26A07B1CCC487B0037DCFA /* Products */,
				B91840211CD1CBFC00014BB9 /* Frameworks */,
			);
			sourceTree = "<group>";
		};
		1B26A07B1CCC487B0037DCFA /* Products */ = {
			isa = PBXGroup;
			children = (
				1B26A07A1CCC487B0037DCFA /* Netwerk.app */,
			);
			name = Products;
			sourceTree = "<group>";
		};
		1B26A07C1CCC487C0037DCFA /* Netwerk */ = {
			isa = PBXGroup;
			children = (
				1B26A07D1CCC487C0037DCFA /* AppDelegate.swift */,
				1B26A0831CCC487C0037DCFA /* Main.storyboard */,
				B91840351CD1F18A00014BB9 /* PeregrindTabBarController.swift */,
				1B26A0B61CD03E1C0037DCFA /* KakTableViewCell.swift */,
				1B26A0B21CCEE9450037DCFA /* KakTableViewController.swift */,
				1B26A0E11CD1886A0037DCFA /* kakCameraViewController.swift */,
				1B26A0DD1CD0A0340037DCFA /* Kak.swift */,
				1B26A0861CCC487C0037DCFA /* Assets.xcassets */,
				1B26A0881CCC487C0037DCFA /* LaunchScreen.storyboard */,
				1B26A08B1CCC487C0037DCFA /* Info.plist */,
				B91840221CD1CF4100014BB9 /* Netwerk-Bridging-Header.h */,
			);
			path = Netwerk;
			sourceTree = "<group>";
		};
		B91840211CD1CBFC00014BB9 /* Frameworks */ = {
			isa = PBXGroup;
			children = (
				B91840331CD1D55500014BB9 /* libz.tbd */,
				B91840311CD1D54C00014BB9 /* SystemConfiguration.framework */,
				B918402F1CD1D54200014BB9 /* Security.framework */,
				B918402D1CD1D53A00014BB9 /* QuartzCore.framework */,
				B918402B1CD1D50D00014BB9 /* CoreLocation.framework */,
				B91840291CD1D4FB00014BB9 /* CFNetwork.framework */,
				B91840271CD1D48200014BB9 /* AudioToolbox.framework */,
				B91840251CD1D47700014BB9 /* libsqlite3.0.tbd */,
				B91840171CD1CBF700014BB9 /* Bolts.framework */,
				B91840181CD1CBF700014BB9 /* Parse.framework */,
				B918401B1CD1CBF700014BB9 /* ParseUI.framework */,
			);
			name = Frameworks;
			sourceTree = "<group>";
		};
/* End PBXGroup section */

/* Begin PBXNativeTarget section */
		1B26A0791CCC487B0037DCFA /* Netwerk */ = {
			isa = PBXNativeTarget;
			buildConfigurationList = 1B26A08E1CCC487C0037DCFA /* Build configuration list for PBXNativeTarget "Netwerk" */;
			buildPhases = (
				1B26A0761CCC487B0037DCFA /* Sources */,
				1B26A0771CCC487B0037DCFA /* Frameworks */,
				1B26A0781CCC487B0037DCFA /* Resources */,
			);
			buildRules = (
			);
			dependencies = (
			);
			name = Netwerk;
			productName = Netwerk;
			productReference = 1B26A07A1CCC487B0037DCFA /* Netwerk.app */;
			productType = "com.apple.product-type.application";
		};
/* End PBXNativeTarget section */

/* Begin PBXProject section */
		1B26A0721CCC487B0037DCFA /* Project object */ = {
			isa = PBXProject;
			attributes = {
				LastSwiftUpdateCheck = 0730;
				LastUpgradeCheck = 0730;
				ORGANIZATIONNAME = "Elizabeth Davis";
				TargetAttributes = {
					1B26A0791CCC487B0037DCFA = {
						CreatedOnToolsVersion = 7.3;
						DevelopmentTeam = 7X2XZ6L5E5;
					};
				};
			};
			buildConfigurationList = 1B26A0751CCC487B0037DCFA /* Build configuration list for PBXProject "Netwerk" */;
			compatibilityVersion = "Xcode 3.2";
			developmentRegion = English;
			hasScannedForEncodings = 0;
			knownRegions = (
				en,
				Base,
			);
			mainGroup = 1B26A0711CCC487B0037DCFA;
			productRefGroup = 1B26A07B1CCC487B0037DCFA /* Products */;
			projectDirPath = "";
			projectRoot = "";
			targets = (
				1B26A0791CCC487B0037DCFA /* Netwerk */,
			);
		};
/* End PBXProject section */

/* Begin PBXResourcesBuildPhase section */
		1B26A0781CCC487B0037DCFA /* Resources */ = {
			isa = PBXResourcesBuildPhase;
			buildActionMask = 2147483647;
			files = (
				1B26A08A1CCC487C0037DCFA /* LaunchScreen.storyboard in Resources */,
				1B26A0871CCC487C0037DCFA /* Assets.xcassets in Resources */,
				1B26A0851CCC487C0037DCFA /* Main.storyboard in Resources */,
			);
			runOnlyForDeploymentPostprocessing = 0;
		};
/* End PBXResourcesBuildPhase section */

/* Begin PBXSourcesBuildPhase section */
		1B26A0761CCC487B0037DCFA /* Sources */ = {
			isa = PBXSourcesBuildPhase;
			buildActionMask = 2147483647;
			files = (
				1B26A0B71CD03E1C0037DCFA /* KakTableViewCell.swift in Sources */,
				1B26A0B31CCEE9450037DCFA /* KakTableViewController.swift in Sources */,
				B91840361CD1F18A00014BB9 /* PeregrindTabBarController.swift in Sources */,
				1B26A0E21CD1886A0037DCFA /* kakCameraViewController.swift in Sources */,
				1B26A07E1CCC487C0037DCFA /* AppDelegate.swift in Sources */,
				1B26A0DE1CD0A0340037DCFA /* Kak.swift in Sources */,
			);
			runOnlyForDeploymentPostprocessing = 0;
		};
/* End PBXSourcesBuildPhase section */

/* Begin PBXVariantGroup section */
		1B26A0831CCC487C0037DCFA /* Main.storyboard */ = {
			isa = PBXVariantGroup;
			children = (
				1B26A0841CCC487C0037DCFA /* Base */,
			);
			name = Main.storyboard;
			sourceTree = "<group>";
		};
		1B26A0881CCC487C0037DCFA /* LaunchScreen.storyboard */ = {
			isa = PBXVariantGroup;
			children = (
				1B26A0891CCC487C0037DCFA /* Base */,
			);
			name = LaunchScreen.storyboard;
			sourceTree = "<group>";
		};
/* End PBXVariantGroup section */

/* Begin XCBuildConfiguration section */
		1B26A08C1CCC487C0037DCFA /* Debug */ = {
			isa = XCBuildConfiguration;
			buildSettings = {
				ALWAYS_SEARCH_USER_PATHS = NO;
				CLANG_ANALYZER_NONNULL = YES;
				CLANG_CXX_LANGUAGE_STANDARD = "gnu++0x";
				CLANG_CXX_LIBRARY = "libc++";
				CLANG_ENABLE_MODULES = YES;
				CLANG_ENABLE_OBJC_ARC = YES;
				CLANG_WARN_BOOL_CONVERSION = YES;
				CLANG_WARN_CONSTANT_CONVERSION = YES;
				CLANG_WARN_DIRECT_OBJC_ISA_USAGE = YES_ERROR;
				CLANG_WARN_EMPTY_BODY = YES;
				CLANG_WARN_ENUM_CONVERSION = YES;
				CLANG_WARN_INT_CONVERSION = YES;
				CLANG_WARN_OBJC_ROOT_CLASS = YES_ERROR;
				CLANG_WARN_UNREACHABLE_CODE = YES;
				CLANG_WARN__DUPLICATE_METHOD_MATCH = YES;
				"CODE_SIGN_IDENTITY[sdk=iphoneos*]" = "iPhone Developer";
				COPY_PHASE_STRIP = NO;
				DEBUG_INFORMATION_FORMAT = dwarf;
				ENABLE_STRICT_OBJC_MSGSEND = YES;
				ENABLE_TESTABILITY = YES;
				GCC_C_LANGUAGE_STANDARD = gnu99;
				GCC_DYNAMIC_NO_PIC = NO;
				GCC_NO_COMMON_BLOCKS = YES;
				GCC_OPTIMIZATION_LEVEL = 0;
				GCC_PREPROCESSOR_DEFINITIONS = (
					"DEBUG=1",
					"$(inherited)",
				);
				GCC_WARN_64_TO_32_BIT_CONVERSION = YES;
				GCC_WARN_ABOUT_RETURN_TYPE = YES_ERROR;
				GCC_WARN_UNDECLARED_SELECTOR = YES;
				GCC_WARN_UNINITIALIZED_AUTOS = YES_AGGRESSIVE;
				GCC_WARN_UNUSED_FUNCTION = YES;
				GCC_WARN_UNUSED_VARIABLE = YES;
				IPHONEOS_DEPLOYMENT_TARGET = 9.3;
				MTL_ENABLE_DEBUG_INFO = YES;
				ONLY_ACTIVE_ARCH = YES;
				SDKROOT = iphoneos;
				SWIFT_OPTIMIZATION_LEVEL = "-Onone";
				TARGETED_DEVICE_FAMILY = "1,2";
			};
			name = Debug;
		};
		1B26A08D1CCC487C0037DCFA /* Release */ = {
			isa = XCBuildConfiguration;
			buildSettings = {
				ALWAYS_SEARCH_USER_PATHS = NO;
				CLANG_ANALYZER_NONNULL = YES;
				CLANG_CXX_LANGUAGE_STANDARD = "gnu++0x";
				CLANG_CXX_LIBRARY = "libc++";
				CLANG_ENABLE_MODULES = YES;
				CLANG_ENABLE_OBJC_ARC = YES;
				CLANG_WARN_BOOL_CONVERSION = YES;
				CLANG_WARN_CONSTANT_CONVERSION = YES;
				CLANG_WARN_DIRECT_OBJC_ISA_USAGE = YES_ERROR;
				CLANG_WARN_EMPTY_BODY = YES;
				CLANG_WARN_ENUM_CONVERSION = YES;
				CLANG_WARN_INT_CONVERSION = YES;
				CLANG_WARN_OBJC_ROOT_CLASS = YES_ERROR;
				CLANG_WARN_UNREACHABLE_CODE = YES;
				CLANG_WARN__DUPLICATE_METHOD_MATCH = YES;
				"CODE_SIGN_IDENTITY[sdk=iphoneos*]" = "iPhone Developer";
				COPY_PHASE_STRIP = NO;
				DEBUG_INFORMATION_FORMAT = "dwarf-with-dsym";
				ENABLE_NS_ASSERTIONS = NO;
				ENABLE_STRICT_OBJC_MSGSEND = YES;
				GCC_C_LANGUAGE_STANDARD = gnu99;
				GCC_NO_COMMON_BLOCKS = YES;
				GCC_WARN_64_TO_32_BIT_CONVERSION = YES;
				GCC_WARN_ABOUT_RETURN_TYPE = YES_ERROR;
				GCC_WARN_UNDECLARED_SELECTOR = YES;
				GCC_WARN_UNINITIALIZED_AUTOS = YES_AGGRESSIVE;
				GCC_WARN_UNUSED_FUNCTION = YES;
				GCC_WARN_UNUSED_VARIABLE = YES;
				IPHONEOS_DEPLOYMENT_TARGET = 9.3;
				MTL_ENABLE_DEBUG_INFO = NO;
				SDKROOT = iphoneos;
				TARGETED_DEVICE_FAMILY = "1,2";
				VALIDATE_PRODUCT = YES;
			};
			name = Release;
		};
		1B26A08F1CCC487C0037DCFA /* Debug */ = {
			isa = XCBuildConfiguration;
			buildSettings = {
				ASSETCATALOG_COMPILER_APPICON_NAME = AppIcon;
				CLANG_ENABLE_MODULES = YES;
				CODE_SIGN_IDENTITY = "iPhone Developer";
				FRAMEWORK_SEARCH_PATHS = (
					"$(inherited)",
					"$(PROJECT_DIR)",
				);
				INFOPLIST_FILE = Netwerk/Info.plist;
				LD_RUNPATH_SEARCH_PATHS = "$(inherited) @executable_path/Frameworks";
				PRODUCT_BUNDLE_IDENTIFIER = elizabethsdavis.Netwerk;
				PRODUCT_NAME = "$(TARGET_NAME)";
				SWIFT_OBJC_BRIDGING_HEADER = "Netwerk/Netwerk-Bridging-Header.h";
				SWIFT_OPTIMIZATION_LEVEL = "-Onone";
			};
			name = Debug;
		};
		1B26A0901CCC487C0037DCFA /* Release */ = {
			isa = XCBuildConfiguration;
			buildSettings = {
				ASSETCATALOG_COMPILER_APPICON_NAME = AppIcon;
				CLANG_ENABLE_MODULES = YES;
				CODE_SIGN_IDENTITY = "iPhone Developer";
				FRAMEWORK_SEARCH_PATHS = (
					"$(inherited)",
					"$(PROJECT_DIR)",
				);
				INFOPLIST_FILE = Netwerk/Info.plist;
				LD_RUNPATH_SEARCH_PATHS = "$(inherited) @executable_path/Frameworks";
				PRODUCT_BUNDLE_IDENTIFIER = elizabethsdavis.Netwerk;
				PRODUCT_NAME = "$(TARGET_NAME)";
				SWIFT_OBJC_BRIDGING_HEADER = "Netwerk/Netwerk-Bridging-Header.h";
			};
			name = Release;
		};
/* End XCBuildConfiguration section */

/* Begin XCConfigurationList section */
		1B26A0751CCC487B0037DCFA /* Build configuration list for PBXProject "Netwerk" */ = {
			isa = XCConfigurationList;
			buildConfigurations = (
				1B26A08C1CCC487C0037DCFA /* Debug */,
				1B26A08D1CCC487C0037DCFA /* Release */,
			);
			defaultConfigurationIsVisible = 0;
			defaultConfigurationName = Release;
		};
		1B26A08E1CCC487C0037DCFA /* Build configuration list for PBXNativeTarget "Netwerk" */ = {
			isa = XCConfigurationList;
			buildConfigurations = (
				1B26A08F1CCC487C0037DCFA /* Debug */,
				1B26A0901CCC487C0037DCFA /* Release */,
			);
			defaultConfigurationIsVisible = 0;
			defaultConfigurationName = Release;
		};
/* End XCConfigurationList section */
	};
	rootObject = 1B26A0721CCC487B0037DCFA /* Project object */;
}
